
Microsoft Visual Studio Solution File, Format Version 12.00
# Visual Studio Version 16
VisualStudioVersion = 16.0.31729.503
MinimumVisualStudioVersion = 10.0.40219.1
Project("{FAE04EC0-301F-11D3-BF4B-00C04F79EFBC}") = "WebProductView", "WebProductView\WebProductView.csproj", "{028F502A-809C-46B9-8978-6051C3100FE5}"
EndProject
Global
	GlobalSection(SolutionConfigurationPlatforms) = preSolution
		Debug|Any CPU = Debug|Any CPU
		Release|Any CPU = Release|Any CPU
	EndGlobalSection
	GlobalSection(ProjectConfigurationPlatforms) = postSolution
		{028F502A-809C-46B9-8978-6051C3100FE5}.Debug|Any CPU.ActiveCfg = Debug|Any CPU
		{028F502A-809C-46B9-8978-6051C3100FE5}.Debug|Any CPU.Build.0 = Debug|Any CPU
		{028F502A-809C-46B9-8978-6051C3100FE5}.Release|Any CPU.ActiveCfg = Release|Any CPU
		{028F502A-809C-46B9-8978-6051C3100FE5}.Release|Any CPU.Build.0 = Release|Any CPU
	EndGlobalSection
	GlobalSection(SolutionProperties) = preSolution
		HideSolutionNode = FALSE
	EndGlobalSection
	GlobalSection(ExtensibilityGlobals) = postSolution
		SolutionGuid = {C8BF297C-F4CB-45A2-A8A0-70C11F0CF060}
	EndGlobalSection
EndGlobal
